
Microsoft Visual Studio Solution File, Format Version 12.00
# Visual Studio 15
Project("{FAE04EC0-301F-11D3-BF4B-00C04F79EFBC}") = "UnityEngine.TestRunner", "UnityEngine.TestRunner.csproj", "{4309987D-CF96-3292-79A5-D030894E9076}"
EndProject
Project("{FAE04EC0-301F-11D3-BF4B-00C04F79EFBC}") = "Unity.Mathematics", "Unity.Mathematics.csproj", "{DADEAC8E-1E24-B769-484A-E20AE70F9161}"
EndProject
Project("{FAE04EC0-301F-11D3-BF4B-00C04F79EFBC}") = "Unity.2D.Animation.Triangle.Runtime", "Unity.2D.Animation.Triangle.Runtime.csproj", "{E5A28BFC-DB84-EE5F-4EC3-7433933523A9}"
EndProject
Project("{FAE04EC0-301F-11D3-BF4B-00C04F79EFBC}") = "Unity.Timeline", "Unity.Timeline.csproj", "{E25B6E54-118A-BD8B-A55F-0BD77E75D58C}"
EndProject
Project("{FAE04EC0-301F-11D3-BF4B-00C04F79EFBC}") = "UnityEngine.UI", "UnityEngine.UI.csproj", "{B28A99FD-3E6F-7204-7A1E-E8C71062768A}"
EndProject
Project("{FAE04EC0-301F-11D3-BF4B-00C04F79EFBC}") = "Unity.TextMeshPro", "Unity.TextMeshPro.csproj", "{5ABD7334-B7B3-9E8F-93AB-CFCB95435786}"
EndProject
Project("{FAE04EC0-301F-11D3-BF4B-00C04F79EFBC}") = "Unity.2D.Animation.Runtime", "Unity.2D.Animation.Runtime.csproj", "{78C9CEC3-DF5E-0007-5F41-06549B8A0330}"
EndProject
Project("{FAE04EC0-301F-11D3-BF4B-00C04F79EFBC}") = "Assembly-CSharp", "Assembly-CSharp.csproj", "{DEF1D376-81A2-FE82-E163-6076117D1CB9}"
EndProject
Project("{FAE04EC0-301F-11D3-BF4B-00C04F79EFBC}") = "Unity.2D.IK.Runtime", "Unity.2D.IK.Runtime.csproj", "{96B32872-68CF-CBB5-2952-E5A665FDF460}"
EndProject
Project("{FAE04EC0-301F-11D3-BF4B-00C04F79EFBC}") = "Unity.2D.SpriteShape.Runtime", "Unity.2D.SpriteShape.Runtime.csproj", "{350AC20E-6354-51CE-2A46-43657610DB82}"
EndProject
Project("{FAE04EC0-301F-11D3-BF4B-00C04F79EFBC}") = "Unity.2D.PixelPerfect", "Unity.2D.PixelPerfect.csproj", "{8BE5A611-45AC-D9AB-A926-F25C95DAEECF}"
EndProject
Project("{FAE04EC0-301F-11D3-BF4B-00C04F79EFBC}") = "Unity.2D.Common.Runtime", "Unity.2D.Common.Runtime.csproj", "{9BD3A08A-B21F-C095-0E0D-7232315840D8}"
EndProject
Project("{FAE04EC0-301F-11D3-BF4B-00C04F79EFBC}") = "Unity.InternalAPIEngineBridge.001", "Unity.InternalAPIEngineBridge.001.csproj", "{569D05D2-6B50-0401-43E3-226908C6E036}"
EndProject
Project("{FAE04EC0-301F-11D3-BF4B-00C04F79EFBC}") = "UnityEditor.TestRunner", "UnityEditor.TestRunner.csproj", "{5E2B7796-61B5-2A89-7253-F2F007AA9FAF}"
EndProject
Project("{FAE04EC0-301F-11D3-BF4B-00C04F79EFBC}") = "Unity.PlasticSCM.Editor", "Unity.PlasticSCM.Editor.csproj", "{4478B64A-7E60-BB02-A032-A3517C140821}"
EndProject
Project("{FAE04EC0-301F-11D3-BF4B-00C04F79EFBC}") = "UnityEditor.UI", "UnityEditor.UI.csproj", "{F1C58328-095F-2C63-26CD-F2A7919B6355}"
EndProject
Project("{FAE04EC0-301F-11D3-BF4B-00C04F79EFBC}") = "Unity.Timeline.Editor", "Unity.Timeline.Editor.csproj", "{A15AF75D-5AA8-DAF5-5E51-33BDAF2BF8E1}"
EndProject
Project("{FAE04EC0-301F-11D3-BF4B-00C04F79EFBC}") = "Unity.VisualStudio.Editor", "Unity.VisualStudio.Editor.csproj", "{2851683E-0CBB-B1E0-9632-98003A915EE0}"
EndProject
Project("{FAE04EC0-301F-11D3-BF4B-00C04F79EFBC}") = "Unity.2D.Psdimporter.Editor", "Unity.2D.Psdimporter.Editor.csproj", "{E8A60768-161F-5F02-2573-E717B47E8E37}"
EndProject
Project("{FAE04EC0-301F-11D3-BF4B-00C04F79EFBC}") = "Unity.2D.Animation.Editor", "Unity.2D.Animation.Editor.csproj", "{57964C39-AE69-94B1-0F39-4B9952626B77}"
EndProject
Project("{FAE04EC0-301F-11D3-BF4B-00C04F79EFBC}") = "Unity.TextMeshPro.Editor", "Unity.TextMeshPro.Editor.csproj", "{15EE017C-EFA4-B2EE-487A-0881FF33A65B}"
EndProject
Project("{FAE04EC0-301F-11D3-BF4B-00C04F79EFBC}") = "Unity.2D.SpriteShape.Editor", "Unity.2D.SpriteShape.Editor.csproj", "{9AF8F871-4156-3083-E57A-05586C74CDFC}"
EndProject
Project("{FAE04EC0-301F-11D3-BF4B-00C04F79EFBC}") = "Unity.CollabProxy.Editor", "Unity.CollabProxy.Editor.csproj", "{326100FD-B166-0A91-B235-27BBF61CEE9B}"
EndProject
Project("{FAE04EC0-301F-11D3-BF4B-00C04F79EFBC}") = "PsdPlugin", "PsdPlugin.csproj", "{4AE3F73B-06EF-0BB6-7385-2DFA05B967A8}"
EndProject
Project("{FAE04EC0-301F-11D3-BF4B-00C04F79EFBC}") = "Unity.2D.Path.Editor", "Unity.2D.Path.Editor.csproj", "{3DD8895B-E766-C061-598B-9CDEA64BCBF9}"
EndProject
Project("{FAE04EC0-301F-11D3-BF4B-00C04F79EFBC}") = "Unity.Rider.Editor", "Unity.Rider.Editor.csproj", "{1C77FDCE-F6D5-FCD4-BA81-F9E13235ECD6}"
EndProject
Project("{FAE04EC0-301F-11D3-BF4B-00C04F79EFBC}") = "Unity.2D.IK.Editor", "Unity.2D.IK.Editor.csproj", "{83599CC8-40ED-315E-6491-05A91D5B53E8}"
EndProject
Project("{FAE04EC0-301F-11D3-BF4B-00C04F79EFBC}") = "Unity.2D.Sprite.Editor", "Unity.2D.Sprite.Editor.csproj", "{CCC3A2BE-5897-9314-3B3B-2F85A164D647}"
EndProject
Project("{FAE04EC0-301F-11D3-BF4B-00C04F79EFBC}") = "Unity.2D.Tilemap.Editor", "Unity.2D.Tilemap.Editor.csproj", "{A0BD8DFE-1A19-77C3-D1D6-A3698435250D}"
EndProject
Project("{FAE04EC0-301F-11D3-BF4B-00C04F79EFBC}") = "Unity.2D.PixelPerfect.Editor", "Unity.2D.PixelPerfect.Editor.csproj", "{629948D3-6BA1-29CD-2445-0A40ABF9A2C3}"
EndProject
Project("{FAE04EC0-301F-11D3-BF4B-00C04F79EFBC}") = "Unity.VSCode.Editor", "Unity.VSCode.Editor.csproj", "{350FC5A4-72AF-AB81-698A-9CB43058616B}"
EndProject
Project("{FAE04EC0-301F-11D3-BF4B-00C04F79EFBC}") = "Unity.2D.Common.Editor", "Unity.2D.Common.Editor.csproj", "{CE2AEB14-2166-AB22-F380-F749FB5E2972}"
EndProject
Project("{FAE04EC0-301F-11D3-BF4B-00C04F79EFBC}") = "Unity.Mathematics.Editor", "Unity.Mathematics.Editor.csproj", "{907E491D-5E01-DD3F-5C16-2AB36BE56790}"
EndProject
Project("{FAE04EC0-301F-11D3-BF4B-00C04F79EFBC}") = "Unity.InternalAPIEditorBridge.001", "Unity.InternalAPIEditorBridge.001.csproj", "{453B731A-B288-E7C6-D36E-10D2D78E33EE}"
EndProject
Project("{FAE04EC0-301F-11D3-BF4B-00C04F79EFBC}") = "UnityEngine.TestRunner", "UnityEngine.TestRunner.Player.csproj", "{ED636E7F-E8E8-94EF-519E-DCCEACB5F787}"
EndProject
Project("{FAE04EC0-301F-11D3-BF4B-00C04F79EFBC}") = "Unity.Mathematics", "Unity.Mathematics.Player.csproj", "{819BE7B0-DFE5-BDEB-79D9-D34652216FBF}"
EndProject
Project("{FAE04EC0-301F-11D3-BF4B-00C04F79EFBC}") = "Unity.2D.Animation.Triangle.Runtime", "Unity.2D.Animation.Triangle.Runtime.Player.csproj", "{D3719E34-4DED-F7B1-1E22-304B51A9E123}"
EndProject
Project("{FAE04EC0-301F-11D3-BF4B-00C04F79EFBC}") = "Unity.Timeline", "Unity.Timeline.Player.csproj", "{9E29EAAA-BCF3-B54E-7B87-8F4E781AB4DE}"
EndProject
Project("{FAE04EC0-301F-11D3-BF4B-00C04F79EFBC}") = "UnityEngine.UI", "UnityEngine.UI.Player.csproj", "{6C7A0F78-0A5D-89AF-E59D-1E6B866E8926}"
EndProject
Project("{FAE04EC0-301F-11D3-BF4B-00C04F79EFBC}") = "Unity.TextMeshPro", "Unity.TextMeshPro.Player.csproj", "{D320DFD3-CA49-7A36-87D0-FAB3FEDCF57C}"
EndProject
Project("{FAE04EC0-301F-11D3-BF4B-00C04F79EFBC}") = "Unity.2D.Animation.Runtime", "Unity.2D.Animation.Runtime.Player.csproj", "{D7FA827A-2388-039F-0326-DCEC9EFE37BF}"
EndProject
Project("{FAE04EC0-301F-11D3-BF4B-00C04F79EFBC}") = "Assembly-CSharp", "Assembly-CSharp.Player.csproj", "{765F55DD-9952-ACC3-4BE8-6E415AC0E10E}"
EndProject
Project("{FAE04EC0-301F-11D3-BF4B-00C04F79EFBC}") = "Unity.2D.IK.Runtime", "Unity.2D.IK.Runtime.Player.csproj", "{89F68795-70AA-C6C2-9183-F9672C91B413}"
EndProject
Project("{FAE04EC0-301F-11D3-BF4B-00C04F79EFBC}") = "Unity.2D.SpriteShape.Runtime", "Unity.2D.SpriteShape.Runtime.Player.csproj", "{CD586F95-5BEA-F2BC-F879-86EEBB2BED8C}"
EndProject
Project("{FAE04EC0-301F-11D3-BF4B-00C04F79EFBC}") = "Unity.2D.PixelPerfect", "Unity.2D.PixelPerfect.Player.csproj", "{096DD553-2997-3ABF-827E-967A5C6EEC6B}"
EndProject
Project("{FAE04EC0-301F-11D3-BF4B-00C04F79EFBC}") = "Unity.2D.Common.Runtime", "Unity.2D.Common.Runtime.Player.csproj", "{1E0A7B20-B45F-1D45-F7D5-CBEF40BDF1C2}"
EndProject
Project("{FAE04EC0-301F-11D3-BF4B-00C04F79EFBC}") = "Unity.InternalAPIEngineBridge.001", "Unity.InternalAPIEngineBridge.001.Player.csproj", "{BE5A363D-F1C2-4988-DA58-AFA46050509F}"
EndProject
Global
	GlobalSection(SolutionConfigurationPlatforms) = preSolution
		Debug|Any CPU = Debug|Any CPU
		Release|Any CPU = Release|Any CPU
	EndGlobalSection
	GlobalSection(ProjectConfigurationPlatforms) = postSolution
		{4309987D-CF96-3292-79A5-D030894E9076}.Debug|Any CPU.ActiveCfg = Debug|Any CPU
		{4309987D-CF96-3292-79A5-D030894E9076}.Debug|Any CPU.Build.0 = Debug|Any CPU
		{4309987D-CF96-3292-79A5-D030894E9076}.Release|Any CPU.ActiveCfg = Release|Any CPU
		{4309987D-CF96-3292-79A5-D030894E9076}.Release|Any CPU.Build.0 = Release|Any CPU
		{DADEAC8E-1E24-B769-484A-E20AE70F9161}.Debug|Any CPU.ActiveCfg = Debug|Any CPU
		{DADEAC8E-1E24-B769-484A-E20AE70F9161}.Debug|Any CPU.Build.0 = Debug|Any CPU
		{DADEAC8E-1E24-B769-484A-E20AE70F9161}.Release|Any CPU.ActiveCfg = Release|Any CPU
		{DADEAC8E-1E24-B769-484A-E20AE70F9161}.Release|Any CPU.Build.0 = Release|Any CPU
		{E5A28BFC-DB84-EE5F-4EC3-7433933523A9}.Debug|Any CPU.ActiveCfg = Debug|Any CPU
		{E5A28BFC-DB84-EE5F-4EC3-7433933523A9}.Debug|Any CPU.Build.0 = Debug|Any CPU
		{E5A28BFC-DB84-EE5F-4EC3-7433933523A9}.Release|Any CPU.ActiveCfg = Release|Any CPU
		{E5A28BFC-DB84-EE5F-4EC3-7433933523A9}.Release|Any CPU.Build.0 = Release|Any CPU
		{E25B6E54-118A-BD8B-A55F-0BD77E75D58C}.Debug|Any CPU.ActiveCfg = Debug|Any CPU
		{E25B6E54-118A-BD8B-A55F-0BD77E75D58C}.Debug|Any CPU.Build.0 = Debug|Any CPU
		{E25B6E54-118A-BD8B-A55F-0BD77E75D58C}.Release|Any CPU.ActiveCfg = Release|Any CPU
		{E25B6E54-118A-BD8B-A55F-0BD77E75D58C}.Release|Any CPU.Build.0 = Release|Any CPU
		{B28A99FD-3E6F-7204-7A1E-E8C71062768A}.Debug|Any CPU.ActiveCfg = Debug|Any CPU
		{B28A99FD-3E6F-7204-7A1E-E8C71062768A}.Debug|Any CPU.Build.0 = Debug|Any CPU
		{B28A99FD-3E6F-7204-7A1E-E8C71062768A}.Release|Any CPU.ActiveCfg = Release|Any CPU
		{B28A99FD-3E6F-7204-7A1E-E8C71062768A}.Release|Any CPU.Build.0 = Release|Any CPU
		{5ABD7334-B7B3-9E8F-93AB-CFCB95435786}.Debug|Any CPU.ActiveCfg = Debug|Any CPU
		{5ABD7334-B7B3-9E8F-93AB-CFCB95435786}.Debug|Any CPU.Build.0 = Debug|Any CPU
		{5ABD7334-B7B3-9E8F-93AB-CFCB95435786}.Release|Any CPU.ActiveCfg = Release|Any CPU
		{5ABD7334-B7B3-9E8F-93AB-CFCB95435786}.Release|Any CPU.Build.0 = Release|Any CPU
		{78C9CEC3-DF5E-0007-5F41-06549B8A0330}.Debug|Any CPU.ActiveCfg = Debug|Any CPU
		{78C9CEC3-DF5E-0007-5F41-06549B8A0330}.Debug|Any CPU.Build.0 = Debug|Any CPU
		{78C9CEC3-DF5E-0007-5F41-06549B8A0330}.Release|Any CPU.ActiveCfg = Release|Any CPU
		{78C9CEC3-DF5E-0007-5F41-06549B8A0330}.Release|Any CPU.Build.0 = Release|Any CPU
		{DEF1D376-81A2-FE82-E163-6076117D1CB9}.Debug|Any CPU.ActiveCfg = Debug|Any CPU
		{DEF1D376-81A2-FE82-E163-6076117D1CB9}.Debug|Any CPU.Build.0 = Debug|Any CPU
		{DEF1D376-81A2-FE82-E163-6076117D1CB9}.Release|Any CPU.ActiveCfg = Release|Any CPU
		{DEF1D376-81A2-FE82-E163-6076117D1CB9}.Release|Any CPU.Build.0 = Release|Any CPU
		{96B32872-68CF-CBB5-2952-E5A665FDF460}.Debug|Any CPU.ActiveCfg = Debug|Any CPU
		{96B32872-68CF-CBB5-2952-E5A665FDF460}.Debug|Any CPU.Build.0 = Debug|Any CPU
		{96B32872-68CF-CBB5-2952-E5A665FDF460}.Release|Any CPU.ActiveCfg = Release|Any CPU
		{96B32872-68CF-CBB5-2952-E5A665FDF460}.Release|Any CPU.Build.0 = Release|Any CPU
		{350AC20E-6354-51CE-2A46-43657610DB82}.Debug|Any CPU.ActiveCfg = Debug|Any CPU
		{350AC20E-6354-51CE-2A46-43657610DB82}.Debug|Any CPU.Build.0 = Debug|Any CPU
		{350AC20E-6354-51CE-2A46-43657610DB82}.Release|Any CPU.ActiveCfg = Release|Any CPU
		{350AC20E-6354-51CE-2A46-43657610DB82}.Release|Any CPU.Build.0 = Release|Any CPU
		{8BE5A611-45AC-D9AB-A926-F25C95DAEECF}.Debug|Any CPU.ActiveCfg = Debug|Any CPU
		{8BE5A611-45AC-D9AB-A926-F25C95DAEECF}.Debug|Any CPU.Build.0 = Debug|Any CPU
		{8BE5A611-45AC-D9AB-A926-F25C95DAEECF}.Release|Any CPU.ActiveCfg = Release|Any CPU
		{8BE5A611-45AC-D9AB-A926-F25C95DAEECF}.Release|Any CPU.Build.0 = Release|Any CPU
		{9BD3A08A-B21F-C095-0E0D-7232315840D8}.Debug|Any CPU.ActiveCfg = Debug|Any CPU
		{9BD3A08A-B21F-C095-0E0D-7232315840D8}.Debug|Any CPU.Build.0 = Debug|Any CPU
		{9BD3A08A-B21F-C095-0E0D-7232315840D8}.Release|Any CPU.ActiveCfg = Release|Any CPU
		{9BD3A08A-B21F-C095-0E0D-7232315840D8}.Release|Any CPU.Build.0 = Release|Any CPU
		{569D05D2-6B50-0401-43E3-226908C6E036}.Debug|Any CPU.ActiveCfg = Debug|Any CPU
		{569D05D2-6B50-0401-43E3-226908C6E036}.Debug|Any CPU.Build.0 = Debug|Any CPU
		{569D05D2-6B50-0401-43E3-226908C6E036}.Release|Any CPU.ActiveCfg = Release|Any CPU
		{569D05D2-6B50-0401-43E3-226908C6E036}.Release|Any CPU.Build.0 = Release|Any CPU
		{5E2B7796-61B5-2A89-7253-F2F007AA9FAF}.Debug|Any CPU.ActiveCfg = Debug|Any CPU
		{5E2B7796-61B5-2A89-7253-F2F007AA9FAF}.Debug|Any CPU.Build.0 = Debug|Any CPU
		{5E2B7796-61B5-2A89-7253-F2F007AA9FAF}.Release|Any CPU.ActiveCfg = Release|Any CPU
		{5E2B7796-61B5-2A89-7253-F2F007AA9FAF}.Release|Any CPU.Build.0 = Release|Any CPU
		{4478B64A-7E60-BB02-A032-A3517C140821}.Debug|Any CPU.ActiveCfg = Debug|Any CPU
		{4478B64A-7E60-BB02-A032-A3517C140821}.Debug|Any CPU.Build.0 = Debug|Any CPU
		{4478B64A-7E60-BB02-A032-A3517C140821}.Release|Any CPU.ActiveCfg = Release|Any CPU
		{4478B64A-7E60-BB02-A032-A3517C140821}.Release|Any CPU.Build.0 = Release|Any CPU
		{F1C58328-095F-2C63-26CD-F2A7919B6355}.Debug|Any CPU.ActiveCfg = Debug|Any CPU
		{F1C58328-095F-2C63-26CD-F2A7919B6355}.Debug|Any CPU.Build.0 = Debug|Any CPU
		{F1C58328-095F-2C63-26CD-F2A7919B6355}.Release|Any CPU.ActiveCfg = Release|Any CPU
		{F1C58328-095F-2C63-26CD-F2A7919B6355}.Release|Any CPU.Build.0 = Release|Any CPU
		{A15AF75D-5AA8-DAF5-5E51-33BDAF2BF8E1}.Debug|Any CPU.ActiveCfg = Debug|Any CPU
		{A15AF75D-5AA8-DAF5-5E51-33BDAF2BF8E1}.Debug|Any CPU.Build.0 = Debug|Any CPU
		{A15AF75D-5AA8-DAF5-5E51-33BDAF2BF8E1}.Release|Any CPU.ActiveCfg = Release|Any CPU
		{A15AF75D-5AA8-DAF5-5E51-33BDAF2BF8E1}.Release|Any CPU.Build.0 = Release|Any CPU
		{2851683E-0CBB-B1E0-9632-98003A915EE0}.Debug|Any CPU.ActiveCfg = Debug|Any CPU
		{2851683E-0CBB-B1E0-9632-98003A915EE0}.Debug|Any CPU.Build.0 = Debug|Any CPU
		{2851683E-0CBB-B1E0-9632-98003A915EE0}.Release|Any CPU.ActiveCfg = Release|Any CPU
		{2851683E-0CBB-B1E0-9632-98003A915EE0}.Release|Any CPU.Build.0 = Release|Any CPU
		{E8A60768-161F-5F02-2573-E717B47E8E37}.Debug|Any CPU.ActiveCfg = Debug|Any CPU
		{E8A60768-161F-5F02-2573-E717B47E8E37}.Debug|Any CPU.Build.0 = Debug|Any CPU
		{E8A60768-161F-5F02-2573-E717B47E8E37}.Release|Any CPU.ActiveCfg = Release|Any CPU
		{E8A60768-161F-5F02-2573-E717B47E8E37}.Release|Any CPU.Build.0 = Release|Any CPU
		{57964C39-AE69-94B1-0F39-4B9952626B77}.Debug|Any CPU.ActiveCfg = Debug|Any CPU
		{57964C39-AE69-94B1-0F39-4B9952626B77}.Debug|Any CPU.Build.0 = Debug|Any CPU
		{57964C39-AE69-94B1-0F39-4B9952626B77}.Release|Any CPU.ActiveCfg = Release|Any CPU
		{57964C39-AE69-94B1-0F39-4B9952626B77}.Release|Any CPU.Build.0 = Release|Any CPU
		{15EE017C-EFA4-B2EE-487A-0881FF33A65B}.Debug|Any CPU.ActiveCfg = Debug|Any CPU
		{15EE017C-EFA4-B2EE-487A-0881FF33A65B}.Debug|Any CPU.Build.0 = Debug|Any CPU
		{15EE017C-EFA4-B2EE-487A-0881FF33A65B}.Release|Any CPU.ActiveCfg = Release|Any CPU
		{15EE017C-EFA4-B2EE-487A-0881FF33A65B}.Release|Any CPU.Build.0 = Release|Any CPU
		{9AF8F871-4156-3083-E57A-05586C74CDFC}.Debug|Any CPU.ActiveCfg = Debug|Any CPU
		{9AF8F871-4156-3083-E57A-05586C74CDFC}.Debug|Any CPU.Build.0 = Debug|Any CPU
		{9AF8F871-4156-3083-E57A-05586C74CDFC}.Release|Any CPU.ActiveCfg = Release|Any CPU
		{9AF8F871-4156-3083-E57A-05586C74CDFC}.Release|Any CPU.Build.0 = Release|Any CPU
		{326100FD-B166-0A91-B235-27BBF61CEE9B}.Debug|Any CPU.ActiveCfg = Debug|Any CPU
		{326100FD-B166-0A91-B235-27BBF61CEE9B}.Debug|Any CPU.Build.0 = Debug|Any CPU
		{326100FD-B166-0A91-B235-27BBF61CEE9B}.Release|Any CPU.ActiveCfg = Release|Any CPU
		{326100FD-B166-0A91-B235-27BBF61CEE9B}.Release|Any CPU.Build.0 = Release|Any CPU
		{4AE3F73B-06EF-0BB6-7385-2DFA05B967A8}.Debug|Any CPU.ActiveCfg = Debug|Any CPU
		{4AE3F73B-06EF-0BB6-7385-2DFA05B967A8}.Debug|Any CPU.Build.0 = Debug|Any CPU
		{4AE3F73B-06EF-0BB6-7385-2DFA05B967A8}.Release|Any CPU.ActiveCfg = Release|Any CPU
		{4AE3F73B-06EF-0BB6-7385-2DFA05B967A8}.Release|Any CPU.Build.0 = Release|Any CPU
		{3DD8895B-E766-C061-598B-9CDEA64BCBF9}.Debug|Any CPU.ActiveCfg = Debug|Any CPU
		{3DD8895B-E766-C061-598B-9CDEA64BCBF9}.Debug|Any CPU.Build.0 = Debug|Any CPU
		{3DD8895B-E766-C061-598B-9CDEA64BCBF9}.Release|Any CPU.ActiveCfg = Release|Any CPU
		{3DD8895B-E766-C061-598B-9CDEA64BCBF9}.Release|Any CPU.Build.0 = Release|Any CPU
		{1C77FDCE-F6D5-FCD4-BA81-F9E13235ECD6}.Debug|Any CPU.ActiveCfg = Debug|Any CPU
		{1C77FDCE-F6D5-FCD4-BA81-F9E13235ECD6}.Debug|Any CPU.Build.0 = Debug|Any CPU
		{1C77FDCE-F6D5-FCD4-BA81-F9E13235ECD6}.Release|Any CPU.ActiveCfg = Release|Any CPU
		{1C77FDCE-F6D5-FCD4-BA81-F9E13235ECD6}.Release|Any CPU.Build.0 = Release|Any CPU
		{83599CC8-40ED-315E-6491-05A91D5B53E8}.Debug|Any CPU.ActiveCfg = Debug|Any CPU
		{83599CC8-40ED-315E-6491-05A91D5B53E8}.Debug|Any CPU.Build.0 = Debug|Any CPU
		{83599CC8-40ED-315E-6491-05A91D5B53E8}.Release|Any CPU.ActiveCfg = Release|Any CPU
		{83599CC8-40ED-315E-6491-05A91D5B53E8}.Release|Any CPU.Build.0 = Release|Any CPU
		{CCC3A2BE-5897-9314-3B3B-2F85A164D647}.Debug|Any CPU.ActiveCfg = Debug|Any CPU
		{CCC3A2BE-5897-9314-3B3B-2F85A164D647}.Debug|Any CPU.Build.0 = Debug|Any CPU
		{CCC3A2BE-5897-9314-3B3B-2F85A164D647}.Release|Any CPU.ActiveCfg = Release|Any CPU
		{CCC3A2BE-5897-9314-3B3B-2F85A164D647}.Release|Any CPU.Build.0 = Release|Any CPU
		{A0BD8DFE-1A19-77C3-D1D6-A3698435250D}.Debug|Any CPU.ActiveCfg = Debug|Any CPU
		{A0BD8DFE-1A19-77C3-D1D6-A3698435250D}.Debug|Any CPU.Build.0 = Debug|Any CPU
		{A0BD8DFE-1A19-77C3-D1D6-A3698435250D}.Release|Any CPU.ActiveCfg = Release|Any CPU
		{A0BD8DFE-1A19-77C3-D1D6-A3698435250D}.Release|Any CPU.Build.0 = Release|Any CPU
		{629948D3-6BA1-29CD-2445-0A40ABF9A2C3}.Debug|Any CPU.ActiveCfg = Debug|Any CPU
		{629948D3-6BA1-29CD-2445-0A40ABF9A2C3}.Debug|Any CPU.Build.0 = Debug|Any CPU
		{629948D3-6BA1-29CD-2445-0A40ABF9A2C3}.Release|Any CPU.ActiveCfg = Release|Any CPU
		{629948D3-6BA1-29CD-2445-0A40ABF9A2C3}.Release|Any CPU.Build.0 = Release|Any CPU
		{350FC5A4-72AF-AB81-698A-9CB43058616B}.Debug|Any CPU.ActiveCfg = Debug|Any CPU
		{350FC5A4-72AF-AB81-698A-9CB43058616B}.Debug|Any CPU.Build.0 = Debug|Any CPU
		{350FC5A4-72AF-AB81-698A-9CB43058616B}.Release|Any CPU.ActiveCfg = Release|Any CPU
		{350FC5A4-72AF-AB81-698A-9CB43058616B}.Release|Any CPU.Build.0 = Release|Any CPU
		{CE2AEB14-2166-AB22-F380-F749FB5E2972}.Debug|Any CPU.ActiveCfg = Debug|Any CPU
		{CE2AEB14-2166-AB22-F380-F749FB5E2972}.Debug|Any CPU.Build.0 = Debug|Any CPU
		{CE2AEB14-2166-AB22-F380-F749FB5E2972}.Release|Any CPU.ActiveCfg = Release|Any CPU
		{CE2AEB14-2166-AB22-F380-F749FB5E2972}.Release|Any CPU.Build.0 = Release|Any CPU
		{907E491D-5E01-DD3F-5C16-2AB36BE56790}.Debug|Any CPU.ActiveCfg = Debug|Any CPU
		{907E491D-5E01-DD3F-5C16-2AB36BE56790}.Debug|Any CPU.Build.0 = Debug|Any CPU
		{907E491D-5E01-DD3F-5C16-2AB36BE56790}.Release|Any CPU.ActiveCfg = Release|Any CPU
		{907E491D-5E01-DD3F-5C16-2AB36BE56790}.Release|Any CPU.Build.0 = Release|Any CPU
		{453B731A-B288-E7C6-D36E-10D2D78E33EE}.Debug|Any CPU.ActiveCfg = Debug|Any CPU
		{453B731A-B288-E7C6-D36E-10D2D78E33EE}.Debug|Any CPU.Build.0 = Debug|Any CPU
		{453B731A-B288-E7C6-D36E-10D2D78E33EE}.Release|Any CPU.ActiveCfg = Release|Any CPU
		{453B731A-B288-E7C6-D36E-10D2D78E33EE}.Release|Any CPU.Build.0 = Release|Any CPU
		{ED636E7F-E8E8-94EF-519E-DCCEACB5F787}.Debug|Any CPU.ActiveCfg = Debug|Any CPU
		{ED636E7F-E8E8-94EF-519E-DCCEACB5F787}.Debug|Any CPU.Build.0 = Debug|Any CPU
		{ED636E7F-E8E8-94EF-519E-DCCEACB5F787}.Release|Any CPU.ActiveCfg = Release|Any CPU
		{ED636E7F-E8E8-94EF-519E-DCCEACB5F787}.Release|Any CPU.Build.0 = Release|Any CPU
		{819BE7B0-DFE5-BDEB-79D9-D34652216FBF}.Debug|Any CPU.ActiveCfg = Debug|Any CPU
		{819BE7B0-DFE5-BDEB-79D9-D34652216FBF}.Debug|Any CPU.Build.0 = Debug|Any CPU
		{819BE7B0-DFE5-BDEB-79D9-D34652216FBF}.Release|Any CPU.ActiveCfg = Release|Any CPU
		{819BE7B0-DFE5-BDEB-79D9-D34652216FBF}.Release|Any CPU.Build.0 = Release|Any CPU
		{D3719E34-4DED-F7B1-1E22-304B51A9E123}.Debug|Any CPU.ActiveCfg = Debug|Any CPU
		{D3719E34-4DED-F7B1-1E22-304B51A9E123}.Debug|Any CPU.Build.0 = Debug|Any CPU
		{D3719E34-4DED-F7B1-1E22-304B51A9E123}.Release|Any CPU.ActiveCfg = Release|Any CPU
		{D3719E34-4DED-F7B1-1E22-304B51A9E123}.Release|Any CPU.Build.0 = Release|Any CPU
		{9E29EAAA-BCF3-B54E-7B87-8F4E781AB4DE}.Debug|Any CPU.ActiveCfg = Debug|Any CPU
		{9E29EAAA-BCF3-B54E-7B87-8F4E781AB4DE}.Debug|Any CPU.Build.0 = Debug|Any CPU
		{9E29EAAA-BCF3-B54E-7B87-8F4E781AB4DE}.Release|Any CPU.ActiveCfg = Release|Any CPU
		{9E29EAAA-BCF3-B54E-7B87-8F4E781AB4DE}.Release|Any CPU.Build.0 = Release|Any CPU
		{6C7A0F78-0A5D-89AF-E59D-1E6B866E8926}.Debug|Any CPU.ActiveCfg = Debug|Any CPU
		{6C7A0F78-0A5D-89AF-E59D-1E6B866E8926}.Debug|Any CPU.Build.0 = Debug|Any CPU
		{6C7A0F78-0A5D-89AF-E59D-1E6B866E8926}.Release|Any CPU.ActiveCfg = Release|Any CPU
		{6C7A0F78-0A5D-89AF-E59D-1E6B866E8926}.Release|Any CPU.Build.0 = Release|Any CPU
		{D320DFD3-CA49-7A36-87D0-FAB3FEDCF57C}.Debug|Any CPU.ActiveCfg = Debug|Any CPU
		{D320DFD3-CA49-7A36-87D0-FAB3FEDCF57C}.Debug|Any CPU.Build.0 = Debug|Any CPU
		{D320DFD3-CA49-7A36-87D0-FAB3FEDCF57C}.Release|Any CPU.ActiveCfg = Release|Any CPU
		{D320DFD3-CA49-7A36-87D0-FAB3FEDCF57C}.Release|Any CPU.Build.0 = Release|Any CPU
		{D7FA827A-2388-039F-0326-DCEC9EFE37BF}.Debug|Any CPU.ActiveCfg = Debug|Any CPU
		{D7FA827A-2388-039F-0326-DCEC9EFE37BF}.Debug|Any CPU.Build.0 = Debug|Any CPU
		{D7FA827A-2388-039F-0326-DCEC9EFE37BF}.Release|Any CPU.ActiveCfg = Release|Any CPU
		{D7FA827A-2388-039F-0326-DCEC9EFE37BF}.Release|Any CPU.Build.0 = Release|Any CPU
		{765F55DD-9952-ACC3-4BE8-6E415AC0E10E}.Debug|Any CPU.ActiveCfg = Debug|Any CPU
		{765F55DD-9952-ACC3-4BE8-6E415AC0E10E}.Debug|Any CPU.Build.0 = Debug|Any CPU
		{765F55DD-9952-ACC3-4BE8-6E415AC0E10E}.Release|Any CPU.ActiveCfg = Release|Any CPU
		{765F55DD-9952-ACC3-4BE8-6E415AC0E10E}.Release|Any CPU.Build.0 = Release|Any CPU
		{89F68795-70AA-C6C2-9183-F9672C91B413}.Debug|Any CPU.ActiveCfg = Debug|Any CPU
		{89F68795-70AA-C6C2-9183-F9672C91B413}.Debug|Any CPU.Build.0 = Debug|Any CPU
		{89F68795-70AA-C6C2-9183-F9672C91B413}.Release|Any CPU.ActiveCfg = Release|Any CPU
		{89F68795-70AA-C6C2-9183-F9672C91B413}.Release|Any CPU.Build.0 = Release|Any CPU
		{CD586F95-5BEA-F2BC-F879-86EEBB2BED8C}.Debug|Any CPU.ActiveCfg = Debug|Any CPU
		{CD586F95-5BEA-F2BC-F879-86EEBB2BED8C}.Debug|Any CPU.Build.0 = Debug|Any CPU
		{CD586F95-5BEA-F2BC-F879-86EEBB2BED8C}.Release|Any CPU.ActiveCfg = Release|Any CPU
		{CD586F95-5BEA-F2BC-F879-86EEBB2BED8C}.Release|Any CPU.Build.0 = Release|Any CPU
		{096DD553-2997-3ABF-827E-967A5C6EEC6B}.Debug|Any CPU.ActiveCfg = Debug|Any CPU
		{096DD553-2997-3ABF-827E-967A5C6EEC6B}.Debug|Any CPU.Build.0 = Debug|Any CPU
		{096DD553-2997-3ABF-827E-967A5C6EEC6B}.Release|Any CPU.ActiveCfg = Release|Any CPU
		{096DD553-2997-3ABF-827E-967A5C6EEC6B}.Release|Any CPU.Build.0 = Release|Any CPU
		{1E0A7B20-B45F-1D45-F7D5-CBEF40BDF1C2}.Debug|Any CPU.ActiveCfg = Debug|Any CPU
		{1E0A7B20-B45F-1D45-F7D5-CBEF40BDF1C2}.Debug|Any CPU.Build.0 = Debug|Any CPU
		{1E0A7B20-B45F-1D45-F7D5-CBEF40BDF1C2}.Release|Any CPU.ActiveCfg = Release|Any CPU
		{1E0A7B20-B45F-1D45-F7D5-CBEF40BDF1C2}.Release|Any CPU.Build.0 = Release|Any CPU
		{BE5A363D-F1C2-4988-DA58-AFA46050509F}.Debug|Any CPU.ActiveCfg = Debug|Any CPU
		{BE5A363D-F1C2-4988-DA58-AFA46050509F}.Debug|Any CPU.Build.0 = Debug|Any CPU
		{BE5A363D-F1C2-4988-DA58-AFA46050509F}.Release|Any CPU.ActiveCfg = Release|Any CPU
		{BE5A363D-F1C2-4988-DA58-AFA46050509F}.Release|Any CPU.Build.0 = Release|Any CPU
	EndGlobalSection
	GlobalSection(SolutionProperties) = preSolution
		HideSolutionNode = FALSE
	EndGlobalSection
EndGlobal
